{
  "name": "tests.3nweb.computer",
  "version": "0.1.0",
  "lockfileVersion": 3,
  "requires": true,
  "packages": {
    "": {
      "name": "tests.3nweb.computer",
      "version": "0.1.0",
      "license": "GPL-3.0-or-later",
      "devDependencies": {
        "@types/jasmine": "^3.9.1",
        "typescript": "^5.5.3"
      }
    },
    "node_modules/@types/jasmine": {
      "version": "3.10.18",
      "resolved": "https://registry.npmjs.org/@types/jasmine/-/jasmine-3.10.18.tgz",
      "integrity": "sha512-jOk52a1Kz+1oU5fNWwAcNe64/GsE7r/Q6ronwDox0D3ETo/cr4ICMQyeXrj7G6FPW1n8YjRoAZA2F0XBr6GicQ==",
      "dev": true
    },
    "node_modules/typescript": {
      "version": "5.5.3",
      "resolved": "https://registry.npmjs.org/typescript/-/typescript-5.5.3.tgz",
      "integrity": "sha512-/hreyEujaB0w76zKo6717l3L0o/qEUtRgdvUBvlkhoWeOVMjMuHNHk0BRBzikzuGDqNmPQbg5ifMEqsHLiIUcQ==",
      "dev": true,
      "bin": {
        "tsc": "bin/tsc",
        "tsserver": "bin/tsserver"
      },
      "engines": {
        "node": ">=14.17"
      }
    }
  }
}
